// !$*UTF8*$!
{
	archiveVersion = 1;
	classes = {
	};
	objectVersion = 46;
	objects = {

/* Begin PBXBuildFile section */
		E87A37941C8AD145000D6FD1 /* Demo2_ShapeImageView.swift in Sources */ = {isa = PBXBuildFile; fileRef = E87A37931C8AD145000D6FD1 /* Demo2_ShapeImageView.swift */; };
		E8D61A191C886DB400FCAAAD /* AppDelegate.swift in Sources */ = {isa = PBXBuildFile; fileRef = E8D61A181C886DB400FCAAAD /* AppDelegate.swift */; };
		E8D61A1B1C886DB500FCAAAD /* ViewController.swift in Sources */ = {isa = PBXBuildFile; fileRef = E8D61A1A1C886DB500FCAAAD /* ViewController.swift */; };
		E8D61A201C886DB500FCAAAD /* Assets.xcassets in Resources */ = {isa = PBXBuildFile; fileRef = E8D61A1F1C886DB500FCAAAD /* Assets.xcassets */; };
		E8D61A231C886DB500FCAAAD /* LaunchScreen.storyboard in Resources */ = {isa = PBXBuildFile; fileRef = E8D61A211C886DB500FCAAAD /* LaunchScreen.storyboard */; };
		E8D61A2D1C88707300FCAAAD /* AFDemoTableViewController.swift in Sources */ = {isa = PBXBuildFile; fileRef = E8D61A2C1C88707300FCAAAD /* AFDemoTableViewController.swift */; };
		E8D61A3A1C8875A400FCAAAD /* Demo1_ViewController.swift in Sources */ = {isa = PBXBuildFile; fileRef = E8D61A391C8875A400FCAAAD /* Demo1_ViewController.swift */; };
		E8D61A3C1C8875B600FCAAAD /* Demo2_ViewController.swift in Sources */ = {isa = PBXBuildFile; fileRef = E8D61A3B1C8875B600FCAAAD /* Demo2_ViewController.swift */; };
		E8D61A421C8A118200FCAAAD /* Demo1_ColorPicker.swift in Sources */ = {isa = PBXBuildFile; fileRef = E8D61A411C8A118200FCAAAD /* Demo1_ColorPicker.swift */; };
/* End PBXBuildFile section */

/* Begin PBXFileReference section */
		E87A37931C8AD145000D6FD1 /* Demo2_ShapeImageView.swift */ = {isa = PBXFileReference; fileEncoding = 4; lastKnownFileType = sourcecode.swift; path = Demo2_ShapeImageView.swift; sourceTree = "<group>"; };
		E8D61A151C886DB400FCAAAD /* AFBitMapDemo.app */ = {isa = PBXFileReference; explicitFileType = wrapper.application; includeInIndex = 0; path = AFBitMapDemo.app; sourceTree = BUILT_PRODUCTS_DIR; };
		E8D61A181C886DB400FCAAAD /* AppDelegate.swift */ = {isa = PBXFileReference; lastKnownFileType = sourcecode.swift; path = AppDelegate.swift; sourceTree = "<group>"; };
		E8D61A1A1C886DB500FCAAAD /* ViewController.swift */ = {isa = PBXFileReference; lastKnownFileType = sourcecode.swift; path = ViewController.swift; sourceTree = "<group>"; };
		E8D61A1F1C886DB500FCAAAD /* Assets.xcassets */ = {isa = PBXFileReference; lastKnownFileType = folder.assetcatalog; path = Assets.xcassets; sourceTree = "<group>"; };
		E8D61A221C886DB500FCAAAD /* Base */ = {isa = PBXFileReference; lastKnownFileType = file.storyboard; name = Base; path = Base.lproj/LaunchScreen.storyboard; sourceTree = "<group>"; };
		E8D61A241C886DB500FCAAAD /* Info.plist */ = {isa = PBXFileReference; lastKnownFileType = text.plist.xml; path = Info.plist; sourceTree = "<group>"; };
		E8D61A2C1C88707300FCAAAD /* AFDemoTableViewController.swift */ = {isa = PBXFileReference; fileEncoding = 4; lastKnownFileType = sourcecode.swift; path = AFDemoTableViewController.swift; sourceTree = "<group>"; };
		E8D61A391C8875A400FCAAAD /* Demo1_ViewController.swift */ = {isa = PBXFileReference; fileEncoding = 4; lastKnownFileType = sourcecode.swift; path = Demo1_ViewController.swift; sourceTree = "<group>"; };
		E8D61A3B1C8875B600FCAAAD /* Demo2_ViewController.swift */ = {isa = PBXFileReference; fileEncoding = 4; lastKnownFileType = sourcecode.swift; path = Demo2_ViewController.swift; sourceTree = "<group>"; };
		E8D61A411C8A118200FCAAAD /* Demo1_ColorPicker.swift */ = {isa = PBXFileReference; fileEncoding = 4; lastKnownFileType = sourcecode.swift; path = Demo1_ColorPicker.swift; sourceTree = "<group>"; };
/* End PBXFileReference section */

/* Begin PBXFrameworksBuildPhase section */
		E8D61A121C886DB400FCAAAD /* Frameworks */ = {
			isa = PBXFrameworksBuildPhase;
			buildActionMask = 2147483647;
			files = (
			);
			runOnlyForDeploymentPostprocessing = 0;
		};
/* End PBXFrameworksBuildPhase section */

/* Begin PBXGroup section */
		E8D61A0C1C886DB400FCAAAD = {
			isa = PBXGroup;
			children = (
				E8D61A171C886DB400FCAAAD /* AFBitMapDemo */,
				E8D61A161C886DB400FCAAAD /* Products */,
			);
			sourceTree = "<group>";
		};
		E8D61A161C886DB400FCAAAD /* Products */ = {
			isa = PBXGroup;
			children = (
				E8D61A151C886DB400FCAAAD /* AFBitMapDemo.app */,
			);
			name = Products;
			sourceTree = "<group>";
		};
		E8D61A171C886DB400FCAAAD /* AFBitMapDemo */ = {
			isa = PBXGroup;
			children = (
				E8D61A181C886DB400FCAAAD /* AppDelegate.swift */,
				E8D61A1A1C886DB500FCAAAD /* ViewController.swift */,
				E8D61A2C1C88707300FCAAAD /* AFDemoTableViewController.swift */,
				E8D61A301C88742500FCAAAD /* Demos */,
				E8D61A1F1C886DB500FCAAAD /* Assets.xcassets */,
				E8D61A211C886DB500FCAAAD /* LaunchScreen.storyboard */,
				E8D61A241C886DB500FCAAAD /* Info.plist */,
			);
			path = AFBitMapDemo;
			sourceTree = "<group>";
		};
		E8D61A301C88742500FCAAAD /* Demos */ = {
			isa = PBXGroup;
			children = (
				E8D61A391C8875A400FCAAAD /* Demo1_ViewController.swift */,
				E8D61A411C8A118200FCAAAD /* Demo1_ColorPicker.swift */,
				E8D61A3B1C8875B600FCAAAD /* Demo2_ViewController.swift */,
				E87A37931C8AD145000D6FD1 /* Demo2_ShapeImageView.swift */,
			);
			name = Demos;
			sourceTree = "<group>";
		};
/* End PBXGroup section */

/* Begin PBXNativeTarget section */
		E8D61A141C886DB400FCAAAD /* AFBitMapDemo */ = {
			isa = PBXNativeTarget;
			buildConfigurationList = E8D61A271C886DB500FCAAAD /* Build configuration list for PBXNativeTarget "AFBitMapDemo" */;
			buildPhases = (
				E8D61A111C886DB400FCAAAD /* Sources */,
				E8D61A121C886DB400FCAAAD /* Frameworks */,
				E8D61A131C886DB400FCAAAD /* Resources */,
			);
			buildRules = (
			);
			dependencies = (
			);
			name = AFBitMapDemo;
			productName = AFBitMapDemo;
			productReference = E8D61A151C886DB400FCAAAD /* AFBitMapDemo.app */;
			productType = "com.apple.product-type.application";
		};
/* End PBXNativeTarget section */

/* Begin PBXProject section */
		E8D61A0D1C886DB400FCAAAD /* Project object */ = {
			isa = PBXProject;
			attributes = {
				LastSwiftUpdateCheck = 0720;
				LastUpgradeCheck = 0720;
				ORGANIZATIONNAME = Afry;
				TargetAttributes = {
					E8D61A141C886DB400FCAAAD = {
						CreatedOnToolsVersion = 7.2;
						DevelopmentTeam = MG63G9T3GS;
					};
				};
			};
			buildConfigurationList = E8D61A101C886DB400FCAAAD /* Build configuration list for PBXProject "AFBitMapDemo" */;
			compatibilityVersion = "Xcode 3.2";
			developmentRegion = English;
			hasScannedForEncodings = 0;
			knownRegions = (
				en,
				Base,
			);
			mainGroup = E8D61A0C1C886DB400FCAAAD;
			productRefGroup = E8D61A161C886DB400FCAAAD /* Products */;
			projectDirPath = "";
			projectRoot = "";
			targets = (
				E8D61A141C886DB400FCAAAD /* AFBitMapDemo */,
			);
		};
/* End PBXProject section */

/* Begin PBXResourcesBuildPhase section */
		E8D61A131C886DB400FCAAAD /* Resources */ = {
			isa = PBXResourcesBuildPhase;
			buildActionMask = 2147483647;
			files = (
				E8D61A231C886DB500FCAAAD /* LaunchScreen.storyboard in Resources */,
				E8D61A201C886DB500FCAAAD /* Assets.xcassets in Resources */,
			);
			runOnlyForDeploymentPostprocessing = 0;
		};
/* End PBXResourcesBuildPhase section */

/* Begin PBXSourcesBuildPhase section */
		E8D61A111C886DB400FCAAAD /* Sources */ = {
			isa = PBXSourcesBuildPhase;
			buildActionMask = 2147483647;
			files = (
				E8D61A1B1C886DB500FCAAAD /* ViewController.swift in Sources */,
				E8D61A3A1C8875A400FCAAAD /* Demo1_ViewController.swift in Sources */,
				E8D61A3C1C8875B600FCAAAD /* Demo2_ViewController.swift in Sources */,
				E87A37941C8AD145000D6FD1 /* Demo2_ShapeImageView.swift in Sources */,
				E8D61A421C8A118200FCAAAD /* Demo1_ColorPicker.swift in Sources */,
				E8D61A2D1C88707300FCAAAD /* AFDemoTableViewController.swift in Sources */,
				E8D61A191C886DB400FCAAAD /* AppDelegate.swift in Sources */,
			);
			runOnlyForDeploymentPostprocessing = 0;
		};
/* End PBXSourcesBuildPhase section */

/* Begin PBXVariantGroup section */
		E8D61A211C886DB500FCAAAD /* LaunchScreen.storyboard */ = {
			isa = PBXVariantGroup;
			children = (
				E8D61A221C886DB500FCAAAD /* Base */,
			);
			name = LaunchScreen.storyboard;
			sourceTree = "<group>";
		};
/* End PBXVariantGroup section */

/* Begin XCBuildConfiguration section */
		E8D61A251C886DB500FCAAAD /* Debug */ = {
			isa = XCBuildConfiguration;
			buildSettings = {
				ALWAYS_SEARCH_USER_PATHS = NO;
				CLANG_CXX_LANGUAGE_STANDARD = "gnu++0x";
				CLANG_CXX_LIBRARY = "libc++";
				CLANG_ENABLE_MODULES = YES;
				CLANG_ENABLE_OBJC_ARC = YES;
				CLANG_WARN_BOOL_CONVERSION = YES;
				CLANG_WARN_CONSTANT_CONVERSION = YES;
				CLANG_WARN_DIRECT_OBJC_ISA_USAGE = YES_ERROR;
				CLANG_WARN_EMPTY_BODY = YES;
				CLANG_WARN_ENUM_CONVERSION = YES;
				CLANG_WARN_INT_CONVERSION = YES;
				CLANG_WARN_OBJC_ROOT_CLASS = YES_ERROR;
				CLANG_WARN_UNREACHABLE_CODE = YES;
				CLANG_WARN__DUPLICATE_METHOD_MATCH = YES;
				"CODE_SIGN_IDENTITY[sdk=iphoneos*]" = "iPhone Developer";
				COPY_PHASE_STRIP = NO;
				DEBUG_INFORMATION_FORMAT = dwarf;
				ENABLE_STRICT_OBJC_MSGSEND = YES;
				ENABLE_TESTABILITY = YES;
				GCC_C_LANGUAGE_STANDARD = gnu99;
				GCC_DYNAMIC_NO_PIC = NO;
				GCC_NO_COMMON_BLOCKS = YES;
				GCC_OPTIMIZATION_LEVEL = 0;
				GCC_PREPROCESSOR_DEFINITIONS = (
					"DEBUG=1",
					"$(inherited)",
				);
				GCC_WARN_64_TO_32_BIT_CONVERSION = YES;
				GCC_WARN_ABOUT_RETURN_TYPE = YES_ERROR;
				GCC_WARN_UNDECLARED_SELECTOR = YES;
				GCC_WARN_UNINITIALIZED_AUTOS = YES_AGGRESSIVE;
				GCC_WARN_UNUSED_FUNCTION = YES;
				GCC_WARN_UNUSED_VARIABLE = YES;
				IPHONEOS_DEPLOYMENT_TARGET = 9.2;
				MTL_ENABLE_DEBUG_INFO = YES;
				ONLY_ACTIVE_ARCH = YES;
				SDKROOT = iphoneos;
				SWIFT_OPTIMIZATION_LEVEL = "-Onone";
			};
			name = Debug;
		};
		E8D61A261C886DB500FCAAAD /* Release */ = {
			isa = XCBuildConfiguration;
			buildSettings = {
				ALWAYS_SEARCH_USER_PATHS = NO;
				CLANG_CXX_LANGUAGE_STANDARD = "gnu++0x";
				CLANG_CXX_LIBRARY = "libc++";
				CLANG_ENABLE_MODULES = YES;
				CLANG_ENABLE_OBJC_ARC = YES;
				CLANG_WARN_BOOL_CONVERSION = YES;
				CLANG_WARN_CONSTANT_CONVERSION = YES;
				CLANG_WARN_DIRECT_OBJC_ISA_USAGE = YES_ERROR;
				CLANG_WARN_EMPTY_BODY = YES;
				CLANG_WARN_ENUM_CONVERSION = YES;
				CLANG_WARN_INT_CONVERSION = YES;
				CLANG_WARN_OBJC_ROOT_CLASS = YES_ERROR;
				CLANG_WARN_UNREACHABLE_CODE = YES;
				CLANG_WARN__DUPLICATE_METHOD_MATCH = YES;
				"CODE_SIGN_IDENTITY[sdk=iphoneos*]" = "iPhone Developer";
				COPY_PHASE_STRIP = NO;
				DEBUG_INFORMATION_FORMAT = "dwarf-with-dsym";
				ENABLE_NS_ASSERTIONS = NO;
				ENABLE_STRICT_OBJC_MSGSEND = YES;
				GCC_C_LANGUAGE_STANDARD = gnu99;
				GCC_NO_COMMON_BLOCKS = YES;
				GCC_WARN_64_TO_32_BIT_CONVERSION = YES;
				GCC_WARN_ABOUT_RETURN_TYPE = YES_ERROR;
				GCC_WARN_UNDECLARED_SELECTOR = YES;
				GCC_WARN_UNINITIALIZED_AUTOS = YES_AGGRESSIVE;
				GCC_WARN_UNUSED_FUNCTION = YES;
				GCC_WARN_UNUSED_VARIABLE = YES;
				IPHONEOS_DEPLOYMENT_TARGET = 9.2;
				MTL_ENABLE_DEBUG_INFO = NO;
				SDKROOT = iphoneos;
				VALIDATE_PRODUCT = YES;
			};
			name = Release;
		};
		E8D61A281C886DB500FCAAAD /* Debug */ = {
			isa = XCBuildConfiguration;
			buildSettings = {
				ASSETCATALOG_COMPILER_APPICON_NAME = AppIcon;
				INFOPLIST_FILE = AFBitMapDemo/Info.plist;
				LD_RUNPATH_SEARCH_PATHS = "$(inherited) @executable_path/Frameworks";
				PRODUCT_BUNDLE_IDENTIFIER = com.AfryMask.AFBitMapDemo;
				PRODUCT_NAME = "$(TARGET_NAME)";
			};
			name = Debug;
		};
		E8D61A291C886DB500FCAAAD /* Release */ = {
			isa = XCBuildConfiguration;
			buildSettings = {
				ASSETCATALOG_COMPILER_APPICON_NAME = AppIcon;
				INFOPLIST_FILE = AFBitMapDemo/Info.plist;
				LD_RUNPATH_SEARCH_PATHS = "$(inherited) @executable_path/Frameworks";
				PRODUCT_BUNDLE_IDENTIFIER = com.AfryMask.AFBitMapDemo;
				PRODUCT_NAME = "$(TARGET_NAME)";
			};
			name = Release;
		};
/* End XCBuildConfiguration section */

/* Begin XCConfigurationList section */
		E8D61A101C886DB400FCAAAD /* Build configuration list for PBXProject "AFBitMapDemo" */ = {
			isa = XCConfigurationList;
			buildConfigurations = (
				E8D61A251C886DB500FCAAAD /* Debug */,
				E8D61A261C886DB500FCAAAD /* Release */,
			);
			defaultConfigurationIsVisible = 0;
			defaultConfigurationName = Release;
		};
		E8D61A271C886DB500FCAAAD /* Build configuration list for PBXNativeTarget "AFBitMapDemo" */ = {
			isa = XCConfigurationList;
			buildConfigurations = (
				E8D61A281C886DB500FCAAAD /* Debug */,
				E8D61A291C886DB500FCAAAD /* Release */,
			);
			defaultConfigurationIsVisible = 0;
			defaultConfigurationName = Release;
		};
/* End XCConfigurationList section */
	};
	rootObject = E8D61A0D1C886DB400FCAAAD /* Project object */;
}
